{
  "name": "miodanmaku",
  "version": "1.0.0",
  "lockfileVersion": 1,
  "requires": true,
  "dependencies": {
    "@types/core-js": {
      "version": "0.9.45",
      "resolved": "https://registry.npmjs.org/@types/core-js/-/core-js-0.9.45.tgz",
      "integrity": "sha512-m3sELgMnL2NQsSg0tdEqXQmCdQ1jwP6kvzFd6DJlYDmqNhoTT6LUg0ckLbR1kCpkbiK5dgjUrgcnrV8zx69ZeQ==",
      "dev": true
    },
    "@types/lodash": {
      "version": "4.14.93",
      "resolved": "https://registry.npmjs.org/@types/lodash/-/lodash-4.14.93.tgz",
      "integrity": "sha512-xI9Il9Fqxse5hSh6bVwowEC5RXyEVJ2hssRJXANU70H/+NlirvsNi87JjvGMxtn6yTemyUPkkzSl9SCKFW4U3g==",
      "dev": true
    },
    "core-js": {
      "version": "2.5.3",
      "resolved": "https://registry.npmjs.org/core-js/-/core-js-2.5.3.tgz",
      "integrity": "sha1-isw4NFgk8W2DZbfJtCWRaOjtYD4="
    },
    "lodash": {
      "version": "4.17.4",
      "resolved": "https://registry.npmjs.org/lodash/-/lodash-4.17.4.tgz",
      "integrity": "sha1-eCA6TRwyiuHYbcpkYONptX9AVa4="
    }
  }
}
